<?xml version="1.0" encoding="utf-8"?>
<Project ToolsVersion="4.0" xmlns="http://schemas.microsoft.com/developer/msbuild/2003">
  <ItemGroup>
    <Filter Include="资源文件">
      <UniqueIdentifier>{67DA6AB6-F800-4c08-8B7A-83BB121AAD01}</UniqueIdentifier>
      <Extensions>rc;ico;cur;bmp;dlg;rc2;rct;bin;rgs;gif;jpg;jpeg;jpe;resx;tiff;tif;png;wav;mfcribbon-ms</Extensions>
    </Filter>
    <Filter Include="stb">
      <UniqueIdentifier>{b158b258-6270-42a0-8d0f-c960e0b5b1dc}</UniqueIdentifier>
    </Filter>
    <Filter Include="smallFramework">
      <UniqueIdentifier>{648bc43c-828d-4134-8c87-94dfd129a854}</UniqueIdentifier>
    </Filter>
    <Filter Include="Graphics">
      <UniqueIdentifier>{27f640d6-00ee-4105-a640-0a8f16fed48c}</UniqueIdentifier>
    </Filter>
    <Filter Include="Basic">
      <UniqueIdentifier>{5412f82e-6ad6-4a80-8127-ddea1d8a2b4d}</UniqueIdentifier>
    </Filter>
    <Filter Include="ImGui">
      <UniqueIdentifier>{becd80cd-3882-43f6-a6e4-702e08acf59b}</UniqueIdentifier>
    </Filter>
    <Filter Include="Utils">
      <UniqueIdentifier>{bc72ed25-252f-44b9-ba90-a682a4fc8d19}</UniqueIdentifier>
    </Filter>
    <Filter Include="Utils\VideoCapture">
      <UniqueIdentifier>{432f5a85-cf6e-411d-b750-87f55aae5eb8}</UniqueIdentifier>
    </Filter>
    <Filter Include="Utils\Basic">
      <UniqueIdentifier>{49a992b5-8444-4bc4-b253-3e69894b64aa}</UniqueIdentifier>
    </Filter>
    <Filter Include="smallImage">
      <UniqueIdentifier>{8ffd4cdc-a4c4-49fb-9a08-07c58775c36f}</UniqueIdentifier>
    </Filter>
    <Filter Include="smallImage\ImageIO">
      <UniqueIdentifier>{d27e7157-bb1a-473f-8877-db7a414361bf}</UniqueIdentifier>
    </Filter>
    <Filter Include="smallImage\ImageBox">
      <UniqueIdentifier>{78a0ab19-7824-4916-8d16-c5e51274b7fe}</UniqueIdentifier>
    </Filter>
    <Filter Include="smallImage\ImageOGL">
      <UniqueIdentifier>{ca4a3cb2-e0a0-472a-b38e-fa0879292559}</UniqueIdentifier>
    </Filter>
  </ItemGroup>
  <ItemGroup>
    <Text Include="ReadMe.txt" />
  </ItemGroup>
  <ItemGroup>
    <ClInclude Include="src\stb\stb.h">
      <Filter>stb</Filter>
    </ClInclude>
    <ClInclude Include="src\stb\stb_image.h">
      <Filter>stb</Filter>
    </ClInclude>
    <ClInclude Include="src\stb\stb_image_resize.h">
      <Filter>stb</Filter>
    </ClInclude>
    <ClInclude Include="src\stb\stb_image_write.h">
      <Filter>stb</Filter>
    </ClInclude>
    <ClInclude Include="include\sf.h" />
    <ClInclude Include="src\stb\stb_rect_pack.h">
      <Filter>stb</Filter>
    </ClInclude>
    <ClInclude Include="src\stb\stb_textedit.h">
      <Filter>stb</Filter>
    </ClInclude>
    <ClInclude Include="src\stb\stb_truetype.h">
      <Filter>stb</Filter>
    </ClInclude>
    <ClInclude Include="src\imgui\imconfig.h">
      <Filter>ImGui</Filter>
    </ClInclude>
    <ClInclude Include="src\imgui\imgui.h">
      <Filter>ImGui</Filter>
    </ClInclude>
    <ClInclude Include="src\imgui\imgui_internal.h">
      <Filter>ImGui</Filter>
    </ClInclude>
    <ClInclude Include="src\imgui\imgui_impl_glfw_gl3.h">
      <Filter>ImGui</Filter>
    </ClInclude>
    <ClInclude Include="include\sf_common.h">
      <Filter>Basic</Filter>
    </ClInclude>
    <ClInclude Include="src\Graphics\glslprogram.h">
      <Filter>Graphics</Filter>
    </ClInclude>
    <ClInclude Include="src\Utils\AABB.h">
      <Filter>Utils\Basic</Filter>
    </ClInclude>
    <ClInclude Include="src\Utils\BinaryFileStream.h">
      <Filter>Utils\Basic</Filter>
    </ClInclude>
    <ClInclude Include="src\Utils\CpuTimer.h">
      <Filter>Utils\Basic</Filter>
    </ClInclude>
    <ClInclude Include="src\Utils\Formats.h">
      <Filter>Utils\Basic</Filter>
    </ClInclude>
    <ClInclude Include="src\Utils\FrameRate.h">
      <Filter>Utils\Basic</Filter>
    </ClInclude>
    <ClInclude Include="src\Utils\FrameWork.h">
      <Filter>Utils\Basic</Filter>
    </ClInclude>
    <ClInclude Include="src\Utils\Logger.h">
      <Filter>Utils\Basic</Filter>
    </ClInclude>
    <ClInclude Include="src\Utils\MonitorInfo.h">
      <Filter>Utils\Basic</Filter>
    </ClInclude>
    <ClInclude Include="src\Utils\OSSimple.h">
      <Filter>Utils\Basic</Filter>
    </ClInclude>
    <ClInclude Include="src\Utils\VideoDecoder.h">
      <Filter>Utils\VideoCapture</Filter>
    </ClInclude>
    <ClInclude Include="src\Utils\VideoEncoder.h">
      <Filter>Utils\VideoCapture</Filter>
    </ClInclude>
    <ClInclude Include="src\Utils\VideoEncoderUI.h">
      <Filter>Utils\VideoCapture</Filter>
    </ClInclude>
    <ClInclude Include="src\smallImage\RgbUtil.h">
      <Filter>smallImage</Filter>
    </ClInclude>
    <ClInclude Include="src\Graphics\camera.h">
      <Filter>Graphics</Filter>
    </ClInclude>
    <ClInclude Include="src\Graphics\viewer.h">
      <Filter>Graphics</Filter>
    </ClInclude>
    <ClInclude Include="src\Graphics\simpleTimer.h">
      <Filter>Utils\Basic</Filter>
    </ClInclude>
    <ClInclude Include="src\smallImage\tgaio.h">
      <Filter>smallImage\ImageIO</Filter>
    </ClInclude>
    <ClInclude Include="src\smallImage\simple_svg_1.0.0.hpp">
      <Filter>smallImage\ImageIO</Filter>
    </ClInclude>
    <ClInclude Include="src\smallImage\epswriter.hpp">
      <Filter>smallImage\ImageIO</Filter>
    </ClInclude>
    <ClInclude Include="src\smallImage\bmpreader.h">
      <Filter>smallImage\ImageIO</Filter>
    </ClInclude>
  </ItemGroup>
  <ItemGroup>
    <ClCompile Include="src\stb\stb_impls.cpp">
      <Filter>stb</Filter>
    </ClCompile>
    <ClCompile Include="src\imgui\imgui.cpp">
      <Filter>ImGui</Filter>
    </ClCompile>
    <ClCompile Include="src\imgui\imgui_demo.cpp">
      <Filter>ImGui</Filter>
    </ClCompile>
    <ClCompile Include="src\imgui\imgui_draw.cpp">
      <Filter>ImGui</Filter>
    </ClCompile>
    <ClCompile Include="src\smallFramework.cpp" />
    <ClCompile Include="src\imgui\imgui_impl_glfw_gl3.cpp">
      <Filter>ImGui</Filter>
    </ClCompile>
    <ClCompile Include="src\test.cpp" />
    <ClCompile Include="src\Graphics\glslprogram.cpp">
      <Filter>Graphics</Filter>
    </ClCompile>
    <ClCompile Include="src\Utils\Formats.cpp">
      <Filter>Utils\Basic</Filter>
    </ClCompile>
    <ClCompile Include="src\Utils\Logger.cpp">
      <Filter>Utils\Basic</Filter>
    </ClCompile>
    <ClCompile Include="src\Utils\MonitorInfo.cpp">
      <Filter>Utils\Basic</Filter>
    </ClCompile>
    <ClCompile Include="src\Utils\OSSimple.cpp">
      <Filter>Utils\Basic</Filter>
    </ClCompile>
    <ClCompile Include="src\Utils\VideoDecoder.cpp">
      <Filter>Utils\VideoCapture</Filter>
    </ClCompile>
    <ClCompile Include="src\Utils\VideoEncoder.cpp">
      <Filter>Utils\VideoCapture</Filter>
    </ClCompile>
    <ClCompile Include="src\Utils\VideoEncoderUI.cpp">
      <Filter>Utils\VideoCapture</Filter>
    </ClCompile>
    <ClCompile Include="src\smallImage\RgbUtil.cpp">
      <Filter>smallImage</Filter>
    </ClCompile>
    <ClCompile Include="src\Graphics\camera.cpp">
      <Filter>Graphics</Filter>
    </ClCompile>
    <ClCompile Include="src\Graphics\viewer.cpp">
      <Filter>Graphics</Filter>
    </ClCompile>
    <ClCompile Include="src\smallImage\tgaio.cpp">
      <Filter>smallImage\ImageIO</Filter>
    </ClCompile>
    <ClCompile Include="src\smallImage\epswriter.cpp">
      <Filter>smallImage\ImageIO</Filter>
    </ClCompile>
    <ClCompile Include="src\smallImage\bmpreader.cpp">
      <Filter>smallImage\ImageIO</Filter>
    </ClCompile>
  </ItemGroup>
</Project>